
Microsoft Visual Studio Solution File, Format Version 12.00
# Visual Studio Version 17
VisualStudioVersion = 17.2.32519.379
MinimumVisualStudioVersion = 10.0.40219.1
Project("{2150E333-8FDC-42A3-9474-1A3956D46DE8}") = "src", "src", "{CD7FAABD-72A9-4346-8F10-933AF3ED7160}"
EndProject
Project("{2150E333-8FDC-42A3-9474-1A3956D46DE8}") = "1 - Application", "1 - Application", "{7DB7C367-F86B-4694-A67E-877713DA95BE}"
EndProject
Project("{2150E333-8FDC-42A3-9474-1A3956D46DE8}") = "2 - Domain", "2 - Domain", "{B228F1D7-62D7-4C0B-9A00-9D0AFD0B0C99}"
EndProject
Project("{2150E333-8FDC-42A3-9474-1A3956D46DE8}") = "3 - Service", "3 - Service", "{31BC2788-D61C-4A84-B5D7-B9B23DB43295}"
EndProject
Project("{2150E333-8FDC-42A3-9474-1A3956D46DE8}") = "4 - Infra", "4 - Infra", "{66A9E06B-6E85-4C2F-A36E-8CB64F9192FF}"
EndProject
Project("{2150E333-8FDC-42A3-9474-1A3956D46DE8}") = "4.1 - Data", "4.1 - Data", "{29C8DB62-7B43-43A1-86D3-B7A4C927E6D6}"
EndProject
Project("{2150E333-8FDC-42A3-9474-1A3956D46DE8}") = "4.2 - CrossCutting", "4.2 - CrossCutting", "{1CE2D9D4-D022-4B33-9728-742F6AEBFA31}"
EndProject
Project("{9A19103F-16F7-4668-BE54-9A1E7A4F7556}") = "Teste_Application", "Teste_Application\Teste_Application.csproj", "{E88FD6C8-327D-4DAB-83AB-6AFF8F8079F5}"
EndProject
Project("{9A19103F-16F7-4668-BE54-9A1E7A4F7556}") = "Teste_Domain", "Teste_Domain\Teste_Domain.csproj", "{F47A133A-2F1D-4BEE-BEB0-E9A071CD87FB}"
EndProject
Project("{9A19103F-16F7-4668-BE54-9A1E7A4F7556}") = "Teste_Infra.Data", "Teste_Infra.Data\Teste_Infra.Data.csproj", "{D1585CA5-9D11-4A77-AB95-BC52C9C26B8B}"
EndProject
Project("{9A19103F-16F7-4668-BE54-9A1E7A4F7556}") = "Teste_CrossCutting", "Teste_CrossCutting\Teste_CrossCutting.csproj", "{9ED6668B-5D8F-47E5-8004-1409657652F1}"
EndProject
Project("{9A19103F-16F7-4668-BE54-9A1E7A4F7556}") = "Teste_Service", "Teste_Service\Teste_Service.csproj", "{7005D303-4558-4A2B-B0AF-218CB852178B}"
EndProject
Project("{2150E333-8FDC-42A3-9474-1A3956D46DE8}") = "test", "test", "{D322CF02-AC43-4EE5-8EF0-518BC8402DB9}"
EndProject
Project("{FAE04EC0-301F-11D3-BF4B-00C04F79EFBC}") = "Test_API", "Test_API\Test_API.csproj", "{A5EE3443-44AB-4995-BABF-4EE83CCAC5D7}"
EndProject
Global
	GlobalSection(SolutionConfigurationPlatforms) = preSolution
		Debug|Any CPU = Debug|Any CPU
		Release|Any CPU = Release|Any CPU
	EndGlobalSection
	GlobalSection(ProjectConfigurationPlatforms) = postSolution
		{E88FD6C8-327D-4DAB-83AB-6AFF8F8079F5}.Debug|Any CPU.ActiveCfg = Debug|Any CPU
		{E88FD6C8-327D-4DAB-83AB-6AFF8F8079F5}.Debug|Any CPU.Build.0 = Debug|Any CPU
		{E88FD6C8-327D-4DAB-83AB-6AFF8F8079F5}.Release|Any CPU.ActiveCfg = Release|Any CPU
		{E88FD6C8-327D-4DAB-83AB-6AFF8F8079F5}.Release|Any CPU.Build.0 = Release|Any CPU
		{F47A133A-2F1D-4BEE-BEB0-E9A071CD87FB}.Debug|Any CPU.ActiveCfg = Debug|Any CPU
		{F47A133A-2F1D-4BEE-BEB0-E9A071CD87FB}.Debug|Any CPU.Build.0 = Debug|Any CPU
		{F47A133A-2F1D-4BEE-BEB0-E9A071CD87FB}.Release|Any CPU.ActiveCfg = Release|Any CPU
		{F47A133A-2F1D-4BEE-BEB0-E9A071CD87FB}.Release|Any CPU.Build.0 = Release|Any CPU
		{D1585CA5-9D11-4A77-AB95-BC52C9C26B8B}.Debug|Any CPU.ActiveCfg = Debug|Any CPU
		{D1585CA5-9D11-4A77-AB95-BC52C9C26B8B}.Debug|Any CPU.Build.0 = Debug|Any CPU
		{D1585CA5-9D11-4A77-AB95-BC52C9C26B8B}.Release|Any CPU.ActiveCfg = Release|Any CPU
		{D1585CA5-9D11-4A77-AB95-BC52C9C26B8B}.Release|Any CPU.Build.0 = Release|Any CPU
		{9ED6668B-5D8F-47E5-8004-1409657652F1}.Debug|Any CPU.ActiveCfg = Debug|Any CPU
		{9ED6668B-5D8F-47E5-8004-1409657652F1}.Debug|Any CPU.Build.0 = Debug|Any CPU
		{9ED6668B-5D8F-47E5-8004-1409657652F1}.Release|Any CPU.ActiveCfg = Release|Any CPU
		{9ED6668B-5D8F-47E5-8004-1409657652F1}.Release|Any CPU.Build.0 = Release|Any CPU
		{7005D303-4558-4A2B-B0AF-218CB852178B}.Debug|Any CPU.ActiveCfg = Debug|Any CPU
		{7005D303-4558-4A2B-B0AF-218CB852178B}.Debug|Any CPU.Build.0 = Debug|Any CPU
		{7005D303-4558-4A2B-B0AF-218CB852178B}.Release|Any CPU.ActiveCfg = Release|Any CPU
		{7005D303-4558-4A2B-B0AF-218CB852178B}.Release|Any CPU.Build.0 = Release|Any CPU
		{A5EE3443-44AB-4995-BABF-4EE83CCAC5D7}.Debug|Any CPU.ActiveCfg = Debug|Any CPU
		{A5EE3443-44AB-4995-BABF-4EE83CCAC5D7}.Debug|Any CPU.Build.0 = Debug|Any CPU
		{A5EE3443-44AB-4995-BABF-4EE83CCAC5D7}.Release|Any CPU.ActiveCfg = Release|Any CPU
		{A5EE3443-44AB-4995-BABF-4EE83CCAC5D7}.Release|Any CPU.Build.0 = Release|Any CPU
	EndGlobalSection
	GlobalSection(SolutionProperties) = preSolution
		HideSolutionNode = FALSE
	EndGlobalSection
	GlobalSection(NestedProjects) = preSolution
		{7DB7C367-F86B-4694-A67E-877713DA95BE} = {CD7FAABD-72A9-4346-8F10-933AF3ED7160}
		{B228F1D7-62D7-4C0B-9A00-9D0AFD0B0C99} = {CD7FAABD-72A9-4346-8F10-933AF3ED7160}
		{31BC2788-D61C-4A84-B5D7-B9B23DB43295} = {CD7FAABD-72A9-4346-8F10-933AF3ED7160}
		{66A9E06B-6E85-4C2F-A36E-8CB64F9192FF} = {CD7FAABD-72A9-4346-8F10-933AF3ED7160}
		{29C8DB62-7B43-43A1-86D3-B7A4C927E6D6} = {66A9E06B-6E85-4C2F-A36E-8CB64F9192FF}
		{1CE2D9D4-D022-4B33-9728-742F6AEBFA31} = {66A9E06B-6E85-4C2F-A36E-8CB64F9192FF}
		{E88FD6C8-327D-4DAB-83AB-6AFF8F8079F5} = {7DB7C367-F86B-4694-A67E-877713DA95BE}
		{F47A133A-2F1D-4BEE-BEB0-E9A071CD87FB} = {B228F1D7-62D7-4C0B-9A00-9D0AFD0B0C99}
		{D1585CA5-9D11-4A77-AB95-BC52C9C26B8B} = {29C8DB62-7B43-43A1-86D3-B7A4C927E6D6}
		{9ED6668B-5D8F-47E5-8004-1409657652F1} = {1CE2D9D4-D022-4B33-9728-742F6AEBFA31}
		{7005D303-4558-4A2B-B0AF-218CB852178B} = {31BC2788-D61C-4A84-B5D7-B9B23DB43295}
		{A5EE3443-44AB-4995-BABF-4EE83CCAC5D7} = {D322CF02-AC43-4EE5-8EF0-518BC8402DB9}
	EndGlobalSection
	GlobalSection(ExtensibilityGlobals) = postSolution
		SolutionGuid = {8DB021A2-C737-4D3F-BF38-FE187193897E}
	EndGlobalSection
EndGlobal
